
Microsoft Visual Studio Solution File, Format Version 12.00
# Visual Studio Version 16
VisualStudioVersion = 16.0.31911.196
MinimumVisualStudioVersion = 10.0.40219.1
Project("{8BC9CEB8-8B4A-11D0-8D11-00A0C91BC942}") = "GenericLib", "Project\GenericLib\GenericLib.vcxproj", "{ADED2C44-FBB0-429B-8FEA-B36C6002F67E}"
EndProject
Project("{8BC9CEB8-8B4A-11D0-8D11-00A0C91BC942}") = "Network", "Project\Network\Network.vcxproj", "{CD47309D-12A3-4A33-A060-59ACF46CD204}"
EndProject
Project("{8BC9CEB8-8B4A-11D0-8D11-00A0C91BC942}") = "Renderer", "Project\Renderer\Renderer.vcxproj", "{5BB79A05-FD57-427E-BD85-472AE855CF1F}"
EndProject
Project("{8BC9CEB8-8B4A-11D0-8D11-00A0C91BC942}") = "RokaProj", "Project\RokaProj\RokaProj.vcxproj", "{D18BE02B-F96D-42FB-BF30-F8744C7219AF}"
EndProject
Project("{8BC9CEB8-8B4A-11D0-8D11-00A0C91BC942}") = "RokaSTL_Lib", "Project\RokaSTL_Lib\RokaSTL_Lib.vcxproj", "{6FF61B6A-446A-47D8-B027-1986AAC73EFE}"
EndProject
Project("{8BC9CEB8-8B4A-11D0-8D11-00A0C91BC942}") = "Script", "Project\Script\Script.vcxproj", "{2B8B318B-9F71-4738-A819-C18D689E42E4}"
EndProject
Global
	GlobalSection(SolutionConfigurationPlatforms) = preSolution
		Debug|x64 = Debug|x64
		Debug|x86 = Debug|x86
		Release|x64 = Release|x64
		Release|x86 = Release|x86
	EndGlobalSection
	GlobalSection(ProjectConfigurationPlatforms) = postSolution
		{ADED2C44-FBB0-429B-8FEA-B36C6002F67E}.Debug|x64.ActiveCfg = Debug|x64
		{ADED2C44-FBB0-429B-8FEA-B36C6002F67E}.Debug|x64.Build.0 = Debug|x64
		{ADED2C44-FBB0-429B-8FEA-B36C6002F67E}.Debug|x86.ActiveCfg = Debug|Win32
		{ADED2C44-FBB0-429B-8FEA-B36C6002F67E}.Debug|x86.Build.0 = Debug|Win32
		{ADED2C44-FBB0-429B-8FEA-B36C6002F67E}.Release|x64.ActiveCfg = Release|x64
		{ADED2C44-FBB0-429B-8FEA-B36C6002F67E}.Release|x64.Build.0 = Release|x64
		{ADED2C44-FBB0-429B-8FEA-B36C6002F67E}.Release|x86.ActiveCfg = Release|Win32
		{ADED2C44-FBB0-429B-8FEA-B36C6002F67E}.Release|x86.Build.0 = Release|Win32
		{CD47309D-12A3-4A33-A060-59ACF46CD204}.Debug|x64.ActiveCfg = Debug|x64
		{CD47309D-12A3-4A33-A060-59ACF46CD204}.Debug|x64.Build.0 = Debug|x64
		{CD47309D-12A3-4A33-A060-59ACF46CD204}.Debug|x86.ActiveCfg = Debug|Win32
		{CD47309D-12A3-4A33-A060-59ACF46CD204}.Debug|x86.Build.0 = Debug|Win32
		{CD47309D-12A3-4A33-A060-59ACF46CD204}.Release|x64.ActiveCfg = Release|x64
		{CD47309D-12A3-4A33-A060-59ACF46CD204}.Release|x64.Build.0 = Release|x64
		{CD47309D-12A3-4A33-A060-59ACF46CD204}.Release|x86.ActiveCfg = Release|Win32
		{CD47309D-12A3-4A33-A060-59ACF46CD204}.Release|x86.Build.0 = Release|Win32
		{5BB79A05-FD57-427E-BD85-472AE855CF1F}.Debug|x64.ActiveCfg = Debug|x64
		{5BB79A05-FD57-427E-BD85-472AE855CF1F}.Debug|x64.Build.0 = Debug|x64
		{5BB79A05-FD57-427E-BD85-472AE855CF1F}.Debug|x86.ActiveCfg = Debug|Win32
		{5BB79A05-FD57-427E-BD85-472AE855CF1F}.Debug|x86.Build.0 = Debug|Win32
		{5BB79A05-FD57-427E-BD85-472AE855CF1F}.Release|x64.ActiveCfg = Release|x64
		{5BB79A05-FD57-427E-BD85-472AE855CF1F}.Release|x64.Build.0 = Release|x64
		{5BB79A05-FD57-427E-BD85-472AE855CF1F}.Release|x86.ActiveCfg = Release|Win32
		{5BB79A05-FD57-427E-BD85-472AE855CF1F}.Release|x86.Build.0 = Release|Win32
		{D18BE02B-F96D-42FB-BF30-F8744C7219AF}.Debug|x64.ActiveCfg = Debug|x64
		{D18BE02B-F96D-42FB-BF30-F8744C7219AF}.Debug|x64.Build.0 = Debug|x64
		{D18BE02B-F96D-42FB-BF30-F8744C7219AF}.Debug|x86.ActiveCfg = Debug|Win32
		{D18BE02B-F96D-42FB-BF30-F8744C7219AF}.Debug|x86.Build.0 = Debug|Win32
		{D18BE02B-F96D-42FB-BF30-F8744C7219AF}.Release|x64.ActiveCfg = Release|x64
		{D18BE02B-F96D-42FB-BF30-F8744C7219AF}.Release|x64.Build.0 = Release|x64
		{D18BE02B-F96D-42FB-BF30-F8744C7219AF}.Release|x86.ActiveCfg = Release|Win32
		{D18BE02B-F96D-42FB-BF30-F8744C7219AF}.Release|x86.Build.0 = Release|Win32
		{6FF61B6A-446A-47D8-B027-1986AAC73EFE}.Debug|x64.ActiveCfg = Debug|x64
		{6FF61B6A-446A-47D8-B027-1986AAC73EFE}.Debug|x64.Build.0 = Debug|x64
		{6FF61B6A-446A-47D8-B027-1986AAC73EFE}.Debug|x86.ActiveCfg = Debug|Win32
		{6FF61B6A-446A-47D8-B027-1986AAC73EFE}.Debug|x86.Build.0 = Debug|Win32
		{6FF61B6A-446A-47D8-B027-1986AAC73EFE}.Release|x64.ActiveCfg = Release|x64
		{6FF61B6A-446A-47D8-B027-1986AAC73EFE}.Release|x64.Build.0 = Release|x64
		{6FF61B6A-446A-47D8-B027-1986AAC73EFE}.Release|x86.ActiveCfg = Release|Win32
		{6FF61B6A-446A-47D8-B027-1986AAC73EFE}.Release|x86.Build.0 = Release|Win32
		{2B8B318B-9F71-4738-A819-C18D689E42E4}.Debug|x64.ActiveCfg = Debug|x64
		{2B8B318B-9F71-4738-A819-C18D689E42E4}.Debug|x64.Build.0 = Debug|x64
		{2B8B318B-9F71-4738-A819-C18D689E42E4}.Debug|x86.ActiveCfg = Debug|Win32
		{2B8B318B-9F71-4738-A819-C18D689E42E4}.Debug|x86.Build.0 = Debug|Win32
		{2B8B318B-9F71-4738-A819-C18D689E42E4}.Release|x64.ActiveCfg = Release|x64
		{2B8B318B-9F71-4738-A819-C18D689E42E4}.Release|x64.Build.0 = Release|x64
		{2B8B318B-9F71-4738-A819-C18D689E42E4}.Release|x86.ActiveCfg = Release|Win32
		{2B8B318B-9F71-4738-A819-C18D689E42E4}.Release|x86.Build.0 = Release|Win32
	EndGlobalSection
	GlobalSection(SolutionProperties) = preSolution
		HideSolutionNode = FALSE
	EndGlobalSection
	GlobalSection(ExtensibilityGlobals) = postSolution
		SolutionGuid = {BD090B18-120E-42B0-8462-1AF808B7A086}
	EndGlobalSection
EndGlobal
