<?xml version="1.0" encoding="utf-8"?>
<Project ToolsVersion="4.0" xmlns="http://schemas.microsoft.com/developer/msbuild/2003">
  <ItemGroup>
    <Filter Include="Common">
      <UniqueIdentifier>{a1afcd29-14da-46e3-b47e-035b5f8c1618}</UniqueIdentifier>
    </Filter>
    <Filter Include="Pool">
      <UniqueIdentifier>{90824748-81cc-4eb8-990c-2296ce0f9cf4}</UniqueIdentifier>
    </Filter>
    <Filter Include="Pool\MemoryPool">
      <UniqueIdentifier>{2b8c9103-e785-4606-b682-6da66e1386fd}</UniqueIdentifier>
    </Filter>
    <Filter Include="Pool\ObjectPool">
      <UniqueIdentifier>{485ea6d9-1f67-437a-bb0d-e6ed9f2342a9}</UniqueIdentifier>
    </Filter>
    <Filter Include="DataStructure">
      <UniqueIdentifier>{2fb7133a-2a14-4259-922a-3c9f908360d7}</UniqueIdentifier>
    </Filter>
    <Filter Include="DataStructure\LRUQueue">
      <UniqueIdentifier>{217ecae3-aa93-46ab-ab83-28620f5bc0bd}</UniqueIdentifier>
    </Filter>
    <Filter Include="DataStructure\Map">
      <UniqueIdentifier>{63d3de69-22ba-43e6-a0ca-62b2b6e2a013}</UniqueIdentifier>
    </Filter>
    <Filter Include="DataStructure\PriorityQueue">
      <UniqueIdentifier>{78a6c0a3-d127-4079-91c0-0cc5c6de9257}</UniqueIdentifier>
    </Filter>
    <Filter Include="Design Pattern">
      <UniqueIdentifier>{65529c84-693e-40f0-90a4-651987307486}</UniqueIdentifier>
    </Filter>
    <Filter Include="Design Pattern\Singleton">
      <UniqueIdentifier>{b1489c55-f8aa-4b4a-acd7-cf5b214e685b}</UniqueIdentifier>
    </Filter>
    <Filter Include="Math">
      <UniqueIdentifier>{45ea7af9-b3fc-425a-bac8-5ad95a51d789}</UniqueIdentifier>
    </Filter>
    <Filter Include="Loader">
      <UniqueIdentifier>{a0d351fa-f67d-44f8-9184-31fa442fe1cf}</UniqueIdentifier>
    </Filter>
    <Filter Include="Manager">
      <UniqueIdentifier>{1fec81c1-3588-4aca-a3cf-9452961504e1}</UniqueIdentifier>
    </Filter>
    <Filter Include="Manager\ObjectPool">
      <UniqueIdentifier>{906746b2-0960-493e-9a6b-4e87c30989f7}</UniqueIdentifier>
    </Filter>
    <Filter Include="Manager\File">
      <UniqueIdentifier>{82483c55-71f1-44a5-8a23-4a5b937cc996}</UniqueIdentifier>
    </Filter>
  </ItemGroup>
  <ItemGroup>
    <ClInclude Include="LRU_Queue.h">
      <Filter>DataStructure\LRUQueue</Filter>
    </ClInclude>
    <ClInclude Include="MemoryPool.h">
      <Filter>Pool\MemoryPool</Filter>
    </ClInclude>
    <ClInclude Include="ObjectPool.h">
      <Filter>Pool\ObjectPool</Filter>
    </ClInclude>
    <ClInclude Include="PriorityQueue.h">
      <Filter>DataStructure\PriorityQueue</Filter>
    </ClInclude>
    <ClInclude Include="RBT.h">
      <Filter>DataStructure\Map</Filter>
    </ClInclude>
    <ClInclude Include="SingleTon.h">
      <Filter>Design Pattern\Singleton</Filter>
    </ClInclude>
    <ClInclude Include="CommonInclude.h">
      <Filter>Common</Filter>
    </ClInclude>
    <ClInclude Include="framework.h">
      <Filter>Common</Filter>
    </ClInclude>
    <ClInclude Include="pch.h">
      <Filter>Common</Filter>
    </ClInclude>
    <ClInclude Include="interface.h">
      <Filter>Common</Filter>
    </ClInclude>
    <ClInclude Include="define.h">
      <Filter>Common</Filter>
    </ClInclude>
    <ClInclude Include="SimpleMath.h">
      <Filter>Math</Filter>
    </ClInclude>
    <ClInclude Include="DllLoader.h">
      <Filter>Loader</Filter>
    </ClInclude>
    <ClInclude Include="operators.h">
      <Filter>Common</Filter>
    </ClInclude>
    <ClInclude Include="func.h">
      <Filter>Common</Filter>
    </ClInclude>
    <ClInclude Include="ObjectPoolManager.h">
      <Filter>Manager\ObjectPool</Filter>
    </ClInclude>
    <ClInclude Include="FileManager.h">
      <Filter>Manager\File</Filter>
    </ClInclude>
  </ItemGroup>
  <ItemGroup>
    <ClCompile Include="MemoryPool.cpp">
      <Filter>Pool\MemoryPool</Filter>
    </ClCompile>
    <ClCompile Include="ObjectPool.cpp">
      <Filter>Pool\ObjectPool</Filter>
    </ClCompile>
    <ClCompile Include="RBT.cpp">
      <Filter>DataStructure\Map</Filter>
    </ClCompile>
    <ClCompile Include="SingleTon.cpp">
      <Filter>Design Pattern\Singleton</Filter>
    </ClCompile>
    <ClCompile Include="pch.cpp">
      <Filter>Common</Filter>
    </ClCompile>
    <ClCompile Include="DllLoader.cpp">
      <Filter>Loader</Filter>
    </ClCompile>
    <ClCompile Include="func.cpp">
      <Filter>Common</Filter>
    </ClCompile>
    <ClCompile Include="ObjectPoolManager.cpp">
      <Filter>Manager\ObjectPool</Filter>
    </ClCompile>
    <ClCompile Include="FileManager.cpp">
      <Filter>Manager\File</Filter>
    </ClCompile>
  </ItemGroup>
  <ItemGroup>
    <None Include="SimpleMath.inl">
      <Filter>Math</Filter>
    </None>
  </ItemGroup>
</Project>